
Microsoft Visual Studio Solution File, Format Version 11.00
# Visual Studio 2010
Project("{FAE04EC0-301F-11D3-BF4B-00C04F79EFBC}") = "UnityEngine.UI", "UnityEngine.UI.csproj", "{804cd17b-78f4-a14c-d3e3-d70d053eb123}"
EndProject
Project("{FAE04EC0-301F-11D3-BF4B-00C04F79EFBC}") = "UnityEngine.TestRunner", "UnityEngine.TestRunner.csproj", "{5fb86141-dfc5-b19c-3da1-5cbe3fd71d00}"
EndProject
Project("{FAE04EC0-301F-11D3-BF4B-00C04F79EFBC}") = "Unity.VisualScripting.Flow", "Unity.VisualScripting.Flow.csproj", "{6597dbd0-9d2f-c4a9-918b-6378ffaa0383}"
EndProject
Project("{FAE04EC0-301F-11D3-BF4B-00C04F79EFBC}") = "Unity.Services.Core.Telemetry", "Unity.Services.Core.Telemetry.csproj", "{af9912cd-6b22-be74-b9aa-e4860040a3f4}"
EndProject
Project("{FAE04EC0-301F-11D3-BF4B-00C04F79EFBC}") = "Unity.VisualScripting.State", "Unity.VisualScripting.State.csproj", "{e885ffdc-06a8-56c9-63ac-e6041be4807e}"
EndProject
Project("{FAE04EC0-301F-11D3-BF4B-00C04F79EFBC}") = "Unity.VisualScripting.Core", "Unity.VisualScripting.Core.csproj", "{438c3a10-1d3d-45b8-1751-6979ffca9fa6}"
EndProject
Project("{FAE04EC0-301F-11D3-BF4B-00C04F79EFBC}") = "Unity.Services.Core.Environments.Internal", "Unity.Services.Core.Environments.Internal.csproj", "{aed262f1-b797-4c71-b0ec-2bc3c6dfb8e7}"
EndProject
Project("{FAE04EC0-301F-11D3-BF4B-00C04F79EFBC}") = "Unity.TextMeshPro", "Unity.TextMeshPro.csproj", "{bd5e7942-8c88-a0fb-5e42-c1ad5dcb0d93}"
EndProject
Project("{FAE04EC0-301F-11D3-BF4B-00C04F79EFBC}") = "Unity.Timeline", "Unity.Timeline.csproj", "{daea5fc2-9969-b8ba-7d7e-3b1ea42e3de8}"
EndProject
Project("{FAE04EC0-301F-11D3-BF4B-00C04F79EFBC}") = "Unity.Services.Core", "Unity.Services.Core.csproj", "{0f977a32-a35a-06ea-f55a-8f6af316958e}"
EndProject
Project("{FAE04EC0-301F-11D3-BF4B-00C04F79EFBC}") = "Assembly-CSharp", "Assembly-CSharp.csproj", "{a5cca420-081f-aa27-3564-c959ea8b1433}"
EndProject
Project("{FAE04EC0-301F-11D3-BF4B-00C04F79EFBC}") = "Unity.Services.Core.Environments", "Unity.Services.Core.Environments.csproj", "{60884623-8287-7d37-0d4a-156fdb3adfec}"
EndProject
Project("{FAE04EC0-301F-11D3-BF4B-00C04F79EFBC}") = "Unity.Services.Core.Internal", "Unity.Services.Core.Internal.csproj", "{dd9837fc-c103-3530-63cf-cb9428da2895}"
EndProject
Project("{FAE04EC0-301F-11D3-BF4B-00C04F79EFBC}") = "Unity.Services.Core.Analytics", "Unity.Services.Core.Analytics.csproj", "{c1d3eeb2-210b-2dab-efff-d95d20f45a47}"
EndProject
Project("{FAE04EC0-301F-11D3-BF4B-00C04F79EFBC}") = "Unity.Services.Core.Scheduler", "Unity.Services.Core.Scheduler.csproj", "{32e7fc23-f622-564e-b46a-84949f91e6be}"
EndProject
Project("{FAE04EC0-301F-11D3-BF4B-00C04F79EFBC}") = "Unity.Services.Core.Registration", "Unity.Services.Core.Registration.csproj", "{fc0809c2-90ef-d594-3422-872f349efe0c}"
EndProject
Project("{FAE04EC0-301F-11D3-BF4B-00C04F79EFBC}") = "Unity.Services.Core.Device", "Unity.Services.Core.Device.csproj", "{f517f3d2-bb7c-3abd-447f-462fb20b5666}"
EndProject
Project("{FAE04EC0-301F-11D3-BF4B-00C04F79EFBC}") = "Unity.Services.Core.Threading", "Unity.Services.Core.Threading.csproj", "{1d7066c8-53a9-fbfe-f3c9-19ea6ac08bdb}"
EndProject
Project("{FAE04EC0-301F-11D3-BF4B-00C04F79EFBC}") = "Unity.Services.Core.Networking", "Unity.Services.Core.Networking.csproj", "{975d9ca0-f062-8184-25f2-2a3cf4cdde51}"
EndProject
Project("{FAE04EC0-301F-11D3-BF4B-00C04F79EFBC}") = "Unity.Services.Core.Configuration", "Unity.Services.Core.Configuration.csproj", "{02785bf6-a06e-75ab-df37-09d61d447095}"
EndProject
Project("{FAE04EC0-301F-11D3-BF4B-00C04F79EFBC}") = "Unity.PlasticSCM.Editor", "Unity.PlasticSCM.Editor.csproj", "{666171ef-9ba1-436e-ca6e-5ba31e068fa3}"
EndProject
Project("{FAE04EC0-301F-11D3-BF4B-00C04F79EFBC}") = "Unity.VisualScripting.Core.Editor", "Unity.VisualScripting.Core.Editor.csproj", "{4c93faec-d504-df16-0027-2710e252165e}"
EndProject
Project("{FAE04EC0-301F-11D3-BF4B-00C04F79EFBC}") = "Unity.VisualScripting.Flow.Editor", "Unity.VisualScripting.Flow.Editor.csproj", "{9a75f68a-b785-9c07-efda-d22af866e206}"
EndProject
Project("{FAE04EC0-301F-11D3-BF4B-00C04F79EFBC}") = "Unity.VisualStudio.Editor", "Unity.VisualStudio.Editor.csproj", "{5b275e26-8acb-e389-79cb-1975243c8d2d}"
EndProject
Project("{FAE04EC0-301F-11D3-BF4B-00C04F79EFBC}") = "Unity.Timeline.Editor", "Unity.Timeline.Editor.csproj", "{3529bdcb-2df4-d458-f6b0-317a1289e9d1}"
EndProject
Project("{FAE04EC0-301F-11D3-BF4B-00C04F79EFBC}") = "Unity.VisualScripting.State.Editor", "Unity.VisualScripting.State.Editor.csproj", "{c7e281be-a320-8cbd-3442-998752bf07aa}"
EndProject
Project("{FAE04EC0-301F-11D3-BF4B-00C04F79EFBC}") = "Unity.TextMeshPro.Editor", "Unity.TextMeshPro.Editor.csproj", "{228c2b09-2890-ccb3-b1a6-a7821fb125c7}"
EndProject
Project("{FAE04EC0-301F-11D3-BF4B-00C04F79EFBC}") = "Unity.VisualScripting.SettingsProvider.Editor", "Unity.VisualScripting.SettingsProvider.Editor.csproj", "{3e83f8fd-b2eb-b970-233a-e4db647b3af6}"
EndProject
Project("{FAE04EC0-301F-11D3-BF4B-00C04F79EFBC}") = "Unity.CollabProxy.Editor", "Unity.CollabProxy.Editor.csproj", "{4896cd1d-b4da-c2d5-bbc1-52c43645044a}"
EndProject
Project("{FAE04EC0-301F-11D3-BF4B-00C04F79EFBC}") = "UnityEditor.TestRunner", "UnityEditor.TestRunner.csproj", "{37861a4c-2d7d-dfed-7262-89cf7f5d1fa2}"
EndProject
Project("{FAE04EC0-301F-11D3-BF4B-00C04F79EFBC}") = "Unity.Services.Core.Editor", "Unity.Services.Core.Editor.csproj", "{1c56f790-82f5-56a3-9f67-c3efa7a03196}"
EndProject
Project("{FAE04EC0-301F-11D3-BF4B-00C04F79EFBC}") = "Unity.TestTools.CodeCoverage.Editor", "Unity.TestTools.CodeCoverage.Editor.csproj", "{cf2ec7b6-ed8f-b80e-3126-64442ca4011a}"
EndProject
Project("{FAE04EC0-301F-11D3-BF4B-00C04F79EFBC}") = "Unity.Rider.Editor", "Unity.Rider.Editor.csproj", "{052c4161-afbe-f56a-b088-958b0fb3fa88}"
EndProject
Project("{FAE04EC0-301F-11D3-BF4B-00C04F79EFBC}") = "Unity.Performance.Profile-Analyzer.Editor", "Unity.Performance.Profile-Analyzer.Editor.csproj", "{2a3b02d7-4b42-340f-68ca-b1cf7d0f11ff}"
EndProject
Project("{FAE04EC0-301F-11D3-BF4B-00C04F79EFBC}") = "Unity.VSCode.Editor", "Unity.VSCode.Editor.csproj", "{1eaf1798-0666-dc95-9586-3b886178678d}"
EndProject
Project("{FAE04EC0-301F-11D3-BF4B-00C04F79EFBC}") = "UnityEditor.UI", "UnityEditor.UI.csproj", "{9987661c-7978-7957-098d-971e6da882b4}"
EndProject
Project("{FAE04EC0-301F-11D3-BF4B-00C04F79EFBC}") = "Unity.TestTools.CodeCoverage.Editor.OpenCover.Model", "Unity.TestTools.CodeCoverage.Editor.OpenCover.Model.csproj", "{d57712b9-c0f7-c14d-c246-08d349e1f7fb}"
EndProject
Project("{FAE04EC0-301F-11D3-BF4B-00C04F79EFBC}") = "Unity.EditorCoroutines.Editor", "Unity.EditorCoroutines.Editor.csproj", "{8e5b7ecc-cd99-de7f-9c97-4c37a45a926b}"
EndProject
Project("{FAE04EC0-301F-11D3-BF4B-00C04F79EFBC}") = "Unity.Settings.Editor", "Unity.Settings.Editor.csproj", "{a8881ac5-c20d-4b07-9981-c804737bb60e}"
EndProject
Project("{FAE04EC0-301F-11D3-BF4B-00C04F79EFBC}") = "Unity.Services.Core.Configuration.Editor", "Unity.Services.Core.Configuration.Editor.csproj", "{4ac18d03-c393-b7b3-f41f-8becf08be0b8}"
EndProject
Project("{FAE04EC0-301F-11D3-BF4B-00C04F79EFBC}") = "Unity.TestTools.CodeCoverage.Editor.OpenCover.Mono.Reflection", "Unity.TestTools.CodeCoverage.Editor.OpenCover.Mono.Reflection.csproj", "{3128de45-c53a-37d2-bcf5-6c15ee3cfae0}"
EndProject
Project("{FAE04EC0-301F-11D3-BF4B-00C04F79EFBC}") = "Unity.VisualScripting.Shared.Editor", "Unity.VisualScripting.Shared.Editor.csproj", "{60ed4664-7111-c2e8-3861-e6db177ed8d8}"
EndProject
Global
	GlobalSection(SolutionConfigurationPlatforms) = preSolution
		Debug|Any CPU = Debug|Any CPU
	EndGlobalSection
	GlobalSection(ProjectConfigurationPlatforms) = postSolution
		{804cd17b-78f4-a14c-d3e3-d70d053eb123}.Debug|Any CPU.ActiveCfg = Debug|Any CPU
		{804cd17b-78f4-a14c-d3e3-d70d053eb123}.Debug|Any CPU.Build.0 = Debug|Any CPU
		{5fb86141-dfc5-b19c-3da1-5cbe3fd71d00}.Debug|Any CPU.ActiveCfg = Debug|Any CPU
		{5fb86141-dfc5-b19c-3da1-5cbe3fd71d00}.Debug|Any CPU.Build.0 = Debug|Any CPU
		{6597dbd0-9d2f-c4a9-918b-6378ffaa0383}.Debug|Any CPU.ActiveCfg = Debug|Any CPU
		{6597dbd0-9d2f-c4a9-918b-6378ffaa0383}.Debug|Any CPU.Build.0 = Debug|Any CPU
		{af9912cd-6b22-be74-b9aa-e4860040a3f4}.Debug|Any CPU.ActiveCfg = Debug|Any CPU
		{af9912cd-6b22-be74-b9aa-e4860040a3f4}.Debug|Any CPU.Build.0 = Debug|Any CPU
		{e885ffdc-06a8-56c9-63ac-e6041be4807e}.Debug|Any CPU.ActiveCfg = Debug|Any CPU
		{e885ffdc-06a8-56c9-63ac-e6041be4807e}.Debug|Any CPU.Build.0 = Debug|Any CPU
		{438c3a10-1d3d-45b8-1751-6979ffca9fa6}.Debug|Any CPU.ActiveCfg = Debug|Any CPU
		{438c3a10-1d3d-45b8-1751-6979ffca9fa6}.Debug|Any CPU.Build.0 = Debug|Any CPU
		{aed262f1-b797-4c71-b0ec-2bc3c6dfb8e7}.Debug|Any CPU.ActiveCfg = Debug|Any CPU
		{aed262f1-b797-4c71-b0ec-2bc3c6dfb8e7}.Debug|Any CPU.Build.0 = Debug|Any CPU
		{bd5e7942-8c88-a0fb-5e42-c1ad5dcb0d93}.Debug|Any CPU.ActiveCfg = Debug|Any CPU
		{bd5e7942-8c88-a0fb-5e42-c1ad5dcb0d93}.Debug|Any CPU.Build.0 = Debug|Any CPU
		{daea5fc2-9969-b8ba-7d7e-3b1ea42e3de8}.Debug|Any CPU.ActiveCfg = Debug|Any CPU
		{daea5fc2-9969-b8ba-7d7e-3b1ea42e3de8}.Debug|Any CPU.Build.0 = Debug|Any CPU
		{0f977a32-a35a-06ea-f55a-8f6af316958e}.Debug|Any CPU.ActiveCfg = Debug|Any CPU
		{0f977a32-a35a-06ea-f55a-8f6af316958e}.Debug|Any CPU.Build.0 = Debug|Any CPU
		{a5cca420-081f-aa27-3564-c959ea8b1433}.Debug|Any CPU.ActiveCfg = Debug|Any CPU
		{a5cca420-081f-aa27-3564-c959ea8b1433}.Debug|Any CPU.Build.0 = Debug|Any CPU
		{60884623-8287-7d37-0d4a-156fdb3adfec}.Debug|Any CPU.ActiveCfg = Debug|Any CPU
		{60884623-8287-7d37-0d4a-156fdb3adfec}.Debug|Any CPU.Build.0 = Debug|Any CPU
		{dd9837fc-c103-3530-63cf-cb9428da2895}.Debug|Any CPU.ActiveCfg = Debug|Any CPU
		{dd9837fc-c103-3530-63cf-cb9428da2895}.Debug|Any CPU.Build.0 = Debug|Any CPU
		{c1d3eeb2-210b-2dab-efff-d95d20f45a47}.Debug|Any CPU.ActiveCfg = Debug|Any CPU
		{c1d3eeb2-210b-2dab-efff-d95d20f45a47}.Debug|Any CPU.Build.0 = Debug|Any CPU
		{32e7fc23-f622-564e-b46a-84949f91e6be}.Debug|Any CPU.ActiveCfg = Debug|Any CPU
		{32e7fc23-f622-564e-b46a-84949f91e6be}.Debug|Any CPU.Build.0 = Debug|Any CPU
		{fc0809c2-90ef-d594-3422-872f349efe0c}.Debug|Any CPU.ActiveCfg = Debug|Any CPU
		{fc0809c2-90ef-d594-3422-872f349efe0c}.Debug|Any CPU.Build.0 = Debug|Any CPU
		{f517f3d2-bb7c-3abd-447f-462fb20b5666}.Debug|Any CPU.ActiveCfg = Debug|Any CPU
		{f517f3d2-bb7c-3abd-447f-462fb20b5666}.Debug|Any CPU.Build.0 = Debug|Any CPU
		{1d7066c8-53a9-fbfe-f3c9-19ea6ac08bdb}.Debug|Any CPU.ActiveCfg = Debug|Any CPU
		{1d7066c8-53a9-fbfe-f3c9-19ea6ac08bdb}.Debug|Any CPU.Build.0 = Debug|Any CPU
		{975d9ca0-f062-8184-25f2-2a3cf4cdde51}.Debug|Any CPU.ActiveCfg = Debug|Any CPU
		{975d9ca0-f062-8184-25f2-2a3cf4cdde51}.Debug|Any CPU.Build.0 = Debug|Any CPU
		{02785bf6-a06e-75ab-df37-09d61d447095}.Debug|Any CPU.ActiveCfg = Debug|Any CPU
		{02785bf6-a06e-75ab-df37-09d61d447095}.Debug|Any CPU.Build.0 = Debug|Any CPU
		{666171ef-9ba1-436e-ca6e-5ba31e068fa3}.Debug|Any CPU.ActiveCfg = Debug|Any CPU
		{666171ef-9ba1-436e-ca6e-5ba31e068fa3}.Debug|Any CPU.Build.0 = Debug|Any CPU
		{4c93faec-d504-df16-0027-2710e252165e}.Debug|Any CPU.ActiveCfg = Debug|Any CPU
		{4c93faec-d504-df16-0027-2710e252165e}.Debug|Any CPU.Build.0 = Debug|Any CPU
		{9a75f68a-b785-9c07-efda-d22af866e206}.Debug|Any CPU.ActiveCfg = Debug|Any CPU
		{9a75f68a-b785-9c07-efda-d22af866e206}.Debug|Any CPU.Build.0 = Debug|Any CPU
		{5b275e26-8acb-e389-79cb-1975243c8d2d}.Debug|Any CPU.ActiveCfg = Debug|Any CPU
		{5b275e26-8acb-e389-79cb-1975243c8d2d}.Debug|Any CPU.Build.0 = Debug|Any CPU
		{3529bdcb-2df4-d458-f6b0-317a1289e9d1}.Debug|Any CPU.ActiveCfg = Debug|Any CPU
		{3529bdcb-2df4-d458-f6b0-317a1289e9d1}.Debug|Any CPU.Build.0 = Debug|Any CPU
		{c7e281be-a320-8cbd-3442-998752bf07aa}.Debug|Any CPU.ActiveCfg = Debug|Any CPU
		{c7e281be-a320-8cbd-3442-998752bf07aa}.Debug|Any CPU.Build.0 = Debug|Any CPU
		{228c2b09-2890-ccb3-b1a6-a7821fb125c7}.Debug|Any CPU.ActiveCfg = Debug|Any CPU
		{228c2b09-2890-ccb3-b1a6-a7821fb125c7}.Debug|Any CPU.Build.0 = Debug|Any CPU
		{3e83f8fd-b2eb-b970-233a-e4db647b3af6}.Debug|Any CPU.ActiveCfg = Debug|Any CPU
		{3e83f8fd-b2eb-b970-233a-e4db647b3af6}.Debug|Any CPU.Build.0 = Debug|Any CPU
		{4896cd1d-b4da-c2d5-bbc1-52c43645044a}.Debug|Any CPU.ActiveCfg = Debug|Any CPU
		{4896cd1d-b4da-c2d5-bbc1-52c43645044a}.Debug|Any CPU.Build.0 = Debug|Any CPU
		{37861a4c-2d7d-dfed-7262-89cf7f5d1fa2}.Debug|Any CPU.ActiveCfg = Debug|Any CPU
		{37861a4c-2d7d-dfed-7262-89cf7f5d1fa2}.Debug|Any CPU.Build.0 = Debug|Any CPU
		{1c56f790-82f5-56a3-9f67-c3efa7a03196}.Debug|Any CPU.ActiveCfg = Debug|Any CPU
		{1c56f790-82f5-56a3-9f67-c3efa7a03196}.Debug|Any CPU.Build.0 = Debug|Any CPU
		{cf2ec7b6-ed8f-b80e-3126-64442ca4011a}.Debug|Any CPU.ActiveCfg = Debug|Any CPU
		{cf2ec7b6-ed8f-b80e-3126-64442ca4011a}.Debug|Any CPU.Build.0 = Debug|Any CPU
		{052c4161-afbe-f56a-b088-958b0fb3fa88}.Debug|Any CPU.ActiveCfg = Debug|Any CPU
		{052c4161-afbe-f56a-b088-958b0fb3fa88}.Debug|Any CPU.Build.0 = Debug|Any CPU
		{2a3b02d7-4b42-340f-68ca-b1cf7d0f11ff}.Debug|Any CPU.ActiveCfg = Debug|Any CPU
		{2a3b02d7-4b42-340f-68ca-b1cf7d0f11ff}.Debug|Any CPU.Build.0 = Debug|Any CPU
		{1eaf1798-0666-dc95-9586-3b886178678d}.Debug|Any CPU.ActiveCfg = Debug|Any CPU
		{1eaf1798-0666-dc95-9586-3b886178678d}.Debug|Any CPU.Build.0 = Debug|Any CPU
		{9987661c-7978-7957-098d-971e6da882b4}.Debug|Any CPU.ActiveCfg = Debug|Any CPU
		{9987661c-7978-7957-098d-971e6da882b4}.Debug|Any CPU.Build.0 = Debug|Any CPU
		{d57712b9-c0f7-c14d-c246-08d349e1f7fb}.Debug|Any CPU.ActiveCfg = Debug|Any CPU
		{d57712b9-c0f7-c14d-c246-08d349e1f7fb}.Debug|Any CPU.Build.0 = Debug|Any CPU
		{8e5b7ecc-cd99-de7f-9c97-4c37a45a926b}.Debug|Any CPU.ActiveCfg = Debug|Any CPU
		{8e5b7ecc-cd99-de7f-9c97-4c37a45a926b}.Debug|Any CPU.Build.0 = Debug|Any CPU
		{a8881ac5-c20d-4b07-9981-c804737bb60e}.Debug|Any CPU.ActiveCfg = Debug|Any CPU
		{a8881ac5-c20d-4b07-9981-c804737bb60e}.Debug|Any CPU.Build.0 = Debug|Any CPU
		{4ac18d03-c393-b7b3-f41f-8becf08be0b8}.Debug|Any CPU.ActiveCfg = Debug|Any CPU
		{4ac18d03-c393-b7b3-f41f-8becf08be0b8}.Debug|Any CPU.Build.0 = Debug|Any CPU
		{3128de45-c53a-37d2-bcf5-6c15ee3cfae0}.Debug|Any CPU.ActiveCfg = Debug|Any CPU
		{3128de45-c53a-37d2-bcf5-6c15ee3cfae0}.Debug|Any CPU.Build.0 = Debug|Any CPU
		{60ed4664-7111-c2e8-3861-e6db177ed8d8}.Debug|Any CPU.ActiveCfg = Debug|Any CPU
		{60ed4664-7111-c2e8-3861-e6db177ed8d8}.Debug|Any CPU.Build.0 = Debug|Any CPU
	EndGlobalSection
	GlobalSection(SolutionProperties) = preSolution
		HideSolutionNode = FALSE
	EndGlobalSection
EndGlobal
